
Microsoft Visual Studio Solution File, Format Version 12.00
# Visual Studio Version 17
VisualStudioVersion = 17.14.36221.1 d17.14
MinimumVisualStudioVersion = 10.0.40219.1
Project("{FAE04EC0-301F-11D3-BF4B-00C04F79EFBC}") = "prjFinalProjectApi", "prjFinalProjectApi\prjFinalProjectApi.csproj", "{9BA2B58A-752F-4093-BA54-49B66525511D}"
EndProject
Global
	GlobalSection(SolutionConfigurationPlatforms) = preSolution
		Debug|Any CPU = Debug|Any CPU
		Release|Any CPU = Release|Any CPU
	EndGlobalSection
	GlobalSection(ProjectConfigurationPlatforms) = postSolution
		{9BA2B58A-752F-4093-BA54-49B66525511D}.Debug|Any CPU.ActiveCfg = Debug|Any CPU
		{9BA2B58A-752F-4093-BA54-49B66525511D}.Debug|Any CPU.Build.0 = Debug|Any CPU
		{9BA2B58A-752F-4093-BA54-49B66525511D}.Release|Any CPU.ActiveCfg = Release|Any CPU
		{9BA2B58A-752F-4093-BA54-49B66525511D}.Release|Any CPU.Build.0 = Release|Any CPU
	EndGlobalSection
	GlobalSection(SolutionProperties) = preSolution
		HideSolutionNode = FALSE
	EndGlobalSection
	GlobalSection(ExtensibilityGlobals) = postSolution
		SolutionGuid = {8DC7F648-8EB7-4E6A-B5FC-F745885B985D}
	EndGlobalSection
EndGlobal
